// !$*UTF8*$!
{
	archiveVersion = 1;
	classes = {
	};
	objectVersion = 56;
	objects = {

/* Begin PBXBuildFile section */
		6E6B214B2BD5C372006A3384 /* AppDelegate.swift in Sources */ = {isa = PBXBuildFile; fileRef = 6E6B214A2BD5C372006A3384 /* AppDelegate.swift */; };
		6E6B214D2BD5C372006A3384 /* SceneDelegate.swift in Sources */ = {isa = PBXBuildFile; fileRef = 6E6B214C2BD5C372006A3384 /* SceneDelegate.swift */; };
		6E6B214F2BD5C372006A3384 /* HomeViewController.swift in Sources */ = {isa = PBXBuildFile; fileRef = 6E6B214E2BD5C372006A3384 /* HomeViewController.swift */; };
		6E6B21522BD5C372006A3384 /* Main.storyboard in Resources */ = {isa = PBXBuildFile; fileRef = 6E6B21502BD5C372006A3384 /* Main.storyboard */; };
		6E6B21542BD5C373006A3384 /* Assets.xcassets in Resources */ = {isa = PBXBuildFile; fileRef = 6E6B21532BD5C373006A3384 /* Assets.xcassets */; };
		6E6B21572BD5C373006A3384 /* LaunchScreen.storyboard in Resources */ = {isa = PBXBuildFile; fileRef = 6E6B21552BD5C373006A3384 /* LaunchScreen.storyboard */; };
		6E6B21642BD5C799006A3384 /* ExploreViewController.swift in Sources */ = {isa = PBXBuildFile; fileRef = 6E6B21632BD5C799006A3384 /* ExploreViewController.swift */; };
		6E6B21662BD5C7A9006A3384 /* CameraViewController.swift in Sources */ = {isa = PBXBuildFile; fileRef = 6E6B21652BD5C7A9006A3384 /* CameraViewController.swift */; };
		6E6B21682BD5C7E4006A3384 /* NotificationViewController.swift in Sources */ = {isa = PBXBuildFile; fileRef = 6E6B21672BD5C7E4006A3384 /* NotificationViewController.swift */; };
		6E6B216A2BD5C7EE006A3384 /* ProfileViewController.swift in Sources */ = {isa = PBXBuildFile; fileRef = 6E6B21692BD5C7EE006A3384 /* ProfileViewController.swift */; };
		6E6B216F2BD5C952006A3384 /* SettingsViewController.swift in Sources */ = {isa = PBXBuildFile; fileRef = 6E6B216E2BD5C952006A3384 /* SettingsViewController.swift */; };
		6E6B21712BD5C95D006A3384 /* EditProfileViewController.swift in Sources */ = {isa = PBXBuildFile; fileRef = 6E6B21702BD5C95D006A3384 /* EditProfileViewController.swift */; };
		6E6B21732BD5C976006A3384 /* PostViewController.swift in Sources */ = {isa = PBXBuildFile; fileRef = 6E6B21722BD5C976006A3384 /* PostViewController.swift */; };
		6E6B21752BD5C9A1006A3384 /* ListViewController.swift in Sources */ = {isa = PBXBuildFile; fileRef = 6E6B21742BD5C9A1006A3384 /* ListViewController.swift */; };
		6E6B21772BD5C9F8006A3384 /* SearchViewController.swift in Sources */ = {isa = PBXBuildFile; fileRef = 6E6B21762BD5C9F8006A3384 /* SearchViewController.swift */; };
		6E6B21792BD5CA0C006A3384 /* SearchResultViewController.swift in Sources */ = {isa = PBXBuildFile; fileRef = 6E6B21782BD5CA0C006A3384 /* SearchResultViewController.swift */; };
		6E6B217B2BD5CA6B006A3384 /* PostEditorViewController.swift in Sources */ = {isa = PBXBuildFile; fileRef = 6E6B217A2BD5CA6B006A3384 /* PostEditorViewController.swift */; };
		6E6B217D2BD5CA84006A3384 /* PublishPostViewController.swift in Sources */ = {isa = PBXBuildFile; fileRef = 6E6B217C2BD5CA84006A3384 /* PublishPostViewController.swift */; };
/* End PBXBuildFile section */

/* Begin PBXFileReference section */
		6E6B21472BD5C372006A3384 /* Instagram.app */ = {isa = PBXFileReference; explicitFileType = wrapper.application; includeInIndex = 0; path = Instagram.app; sourceTree = BUILT_PRODUCTS_DIR; };
		6E6B214A2BD5C372006A3384 /* AppDelegate.swift */ = {isa = PBXFileReference; lastKnownFileType = sourcecode.swift; path = AppDelegate.swift; sourceTree = "<group>"; };
		6E6B214C2BD5C372006A3384 /* SceneDelegate.swift */ = {isa = PBXFileReference; lastKnownFileType = sourcecode.swift; path = SceneDelegate.swift; sourceTree = "<group>"; };
		6E6B214E2BD5C372006A3384 /* HomeViewController.swift */ = {isa = PBXFileReference; lastKnownFileType = sourcecode.swift; path = HomeViewController.swift; sourceTree = "<group>"; };
		6E6B21512BD5C372006A3384 /* Base */ = {isa = PBXFileReference; lastKnownFileType = file.storyboard; name = Base; path = Base.lproj/Main.storyboard; sourceTree = "<group>"; };
		6E6B21532BD5C373006A3384 /* Assets.xcassets */ = {isa = PBXFileReference; lastKnownFileType = folder.assetcatalog; path = Assets.xcassets; sourceTree = "<group>"; };
		6E6B21562BD5C373006A3384 /* Base */ = {isa = PBXFileReference; lastKnownFileType = file.storyboard; name = Base; path = Base.lproj/LaunchScreen.storyboard; sourceTree = "<group>"; };
		6E6B21582BD5C373006A3384 /* Info.plist */ = {isa = PBXFileReference; lastKnownFileType = text.plist.xml; path = Info.plist; sourceTree = "<group>"; };
		6E6B21632BD5C799006A3384 /* ExploreViewController.swift */ = {isa = PBXFileReference; lastKnownFileType = sourcecode.swift; path = ExploreViewController.swift; sourceTree = "<group>"; };
		6E6B21652BD5C7A9006A3384 /* CameraViewController.swift */ = {isa = PBXFileReference; lastKnownFileType = sourcecode.swift; path = CameraViewController.swift; sourceTree = "<group>"; };
		6E6B21672BD5C7E4006A3384 /* NotificationViewController.swift */ = {isa = PBXFileReference; lastKnownFileType = sourcecode.swift; path = NotificationViewController.swift; sourceTree = "<group>"; };
		6E6B21692BD5C7EE006A3384 /* ProfileViewController.swift */ = {isa = PBXFileReference; lastKnownFileType = sourcecode.swift; path = ProfileViewController.swift; sourceTree = "<group>"; };
		6E6B216E2BD5C952006A3384 /* SettingsViewController.swift */ = {isa = PBXFileReference; lastKnownFileType = sourcecode.swift; path = SettingsViewController.swift; sourceTree = "<group>"; };
		6E6B21702BD5C95D006A3384 /* EditProfileViewController.swift */ = {isa = PBXFileReference; lastKnownFileType = sourcecode.swift; path = EditProfileViewController.swift; sourceTree = "<group>"; };
		6E6B21722BD5C976006A3384 /* PostViewController.swift */ = {isa = PBXFileReference; lastKnownFileType = sourcecode.swift; path = PostViewController.swift; sourceTree = "<group>"; };
		6E6B21742BD5C9A1006A3384 /* ListViewController.swift */ = {isa = PBXFileReference; lastKnownFileType = sourcecode.swift; path = ListViewController.swift; sourceTree = "<group>"; };
		6E6B21762BD5C9F8006A3384 /* SearchViewController.swift */ = {isa = PBXFileReference; lastKnownFileType = sourcecode.swift; path = SearchViewController.swift; sourceTree = "<group>"; };
		6E6B21782BD5CA0C006A3384 /* SearchResultViewController.swift */ = {isa = PBXFileReference; lastKnownFileType = sourcecode.swift; path = SearchResultViewController.swift; sourceTree = "<group>"; };
		6E6B217A2BD5CA6B006A3384 /* PostEditorViewController.swift */ = {isa = PBXFileReference; lastKnownFileType = sourcecode.swift; path = PostEditorViewController.swift; sourceTree = "<group>"; };
		6E6B217C2BD5CA84006A3384 /* PublishPostViewController.swift */ = {isa = PBXFileReference; lastKnownFileType = sourcecode.swift; path = PublishPostViewController.swift; sourceTree = "<group>"; };
/* End PBXFileReference section */

/* Begin PBXFrameworksBuildPhase section */
		6E6B21442BD5C372006A3384 /* Frameworks */ = {
			isa = PBXFrameworksBuildPhase;
			buildActionMask = 2147483647;
			files = (
			);
			runOnlyForDeploymentPostprocessing = 0;
		};
/* End PBXFrameworksBuildPhase section */

/* Begin PBXGroup section */
		6E6B213E2BD5C372006A3384 = {
			isa = PBXGroup;
			children = (
				6E6B21492BD5C372006A3384 /* Instagram */,
				6E6B21482BD5C372006A3384 /* Products */,
			);
			sourceTree = "<group>";
		};
		6E6B21482BD5C372006A3384 /* Products */ = {
			isa = PBXGroup;
			children = (
				6E6B21472BD5C372006A3384 /* Instagram.app */,
			);
			name = Products;
			sourceTree = "<group>";
		};
		6E6B21492BD5C372006A3384 /* Instagram */ = {
			isa = PBXGroup;
			children = (
				6E6B21612BD5C516006A3384 /* Controllers */,
				6E6B21602BD5C4C6006A3384 /* Resources */,
				6E6B215F2BD5C4B0006A3384 /* Views */,
				6E6B215E2BD5C4A0006A3384 /* Models */,
				6E6B21582BD5C373006A3384 /* Info.plist */,
			);
			path = Instagram;
			sourceTree = "<group>";
		};
		6E6B215E2BD5C4A0006A3384 /* Models */ = {
			isa = PBXGroup;
			children = (
			);
			path = Models;
			sourceTree = "<group>";
		};
		6E6B215F2BD5C4B0006A3384 /* Views */ = {
			isa = PBXGroup;
			children = (
				6E6B21622BD5C546006A3384 /* Storyboards */,
				6E6B21532BD5C373006A3384 /* Assets.xcassets */,
			);
			path = Views;
			sourceTree = "<group>";
		};
		6E6B21602BD5C4C6006A3384 /* Resources */ = {
			isa = PBXGroup;
			children = (
				6E6B214A2BD5C372006A3384 /* AppDelegate.swift */,
				6E6B214C2BD5C372006A3384 /* SceneDelegate.swift */,
			);
			path = Resources;
			sourceTree = "<group>";
		};
		6E6B21612BD5C516006A3384 /* Controllers */ = {
			isa = PBXGroup;
			children = (
				6E6B216C2BD5C8CF006A3384 /* Other */,
				6E6B216B2BD5C814006A3384 /* Core Tabs */,
			);
			path = Controllers;
			sourceTree = "<group>";
		};
		6E6B21622BD5C546006A3384 /* Storyboards */ = {
			isa = PBXGroup;
			children = (
				6E6B21502BD5C372006A3384 /* Main.storyboard */,
				6E6B21552BD5C373006A3384 /* LaunchScreen.storyboard */,
			);
			path = Storyboards;
			sourceTree = "<group>";
		};
		6E6B216B2BD5C814006A3384 /* Core Tabs */ = {
			isa = PBXGroup;
			children = (
				6E6B214E2BD5C372006A3384 /* HomeViewController.swift */,
				6E6B21632BD5C799006A3384 /* ExploreViewController.swift */,
				6E6B21652BD5C7A9006A3384 /* CameraViewController.swift */,
				6E6B21672BD5C7E4006A3384 /* NotificationViewController.swift */,
				6E6B21692BD5C7EE006A3384 /* ProfileViewController.swift */,
			);
			path = "Core Tabs";
			sourceTree = "<group>";
		};
		6E6B216C2BD5C8CF006A3384 /* Other */ = {
			isa = PBXGroup;
			children = (
				6E6B216E2BD5C952006A3384 /* SettingsViewController.swift */,
				6E6B21702BD5C95D006A3384 /* EditProfileViewController.swift */,
				6E6B21722BD5C976006A3384 /* PostViewController.swift */,
				6E6B21742BD5C9A1006A3384 /* ListViewController.swift */,
				6E6B21762BD5C9F8006A3384 /* SearchViewController.swift */,
				6E6B21782BD5CA0C006A3384 /* SearchResultViewController.swift */,
				6E6B217A2BD5CA6B006A3384 /* PostEditorViewController.swift */,
				6E6B217C2BD5CA84006A3384 /* PublishPostViewController.swift */,
				6E6B216D2BD5C923006A3384 /* Onboarding */,
			);
			path = Other;
			sourceTree = "<group>";
		};
		6E6B216D2BD5C923006A3384 /* Onboarding */ = {
			isa = PBXGroup;
			children = (
			);
			path = Onboarding;
			sourceTree = "<group>";
		};
/* End PBXGroup section */

/* Begin PBXNativeTarget section */
		6E6B21462BD5C372006A3384 /* Instagram */ = {
			isa = PBXNativeTarget;
			buildConfigurationList = 6E6B215B2BD5C373006A3384 /* Build configuration list for PBXNativeTarget "Instagram" */;
			buildPhases = (
				6E6B21432BD5C372006A3384 /* Sources */,
				6E6B21442BD5C372006A3384 /* Frameworks */,
				6E6B21452BD5C372006A3384 /* Resources */,
			);
			buildRules = (
			);
			dependencies = (
			);
			name = Instagram;
			productName = Instagram;
			productReference = 6E6B21472BD5C372006A3384 /* Instagram.app */;
			productType = "com.apple.product-type.application";
		};
/* End PBXNativeTarget section */

/* Begin PBXProject section */
		6E6B213F2BD5C372006A3384 /* Project object */ = {
			isa = PBXProject;
			attributes = {
				BuildIndependentTargetsInParallel = 1;
				LastSwiftUpdateCheck = 1510;
				LastUpgradeCheck = 1510;
				TargetAttributes = {
					6E6B21462BD5C372006A3384 = {
						CreatedOnToolsVersion = 15.1;
					};
				};
			};
			buildConfigurationList = 6E6B21422BD5C372006A3384 /* Build configuration list for PBXProject "Instagram" */;
			compatibilityVersion = "Xcode 14.0";
			developmentRegion = en;
			hasScannedForEncodings = 0;
			knownRegions = (
				en,
				Base,
			);
			mainGroup = 6E6B213E2BD5C372006A3384;
			productRefGroup = 6E6B21482BD5C372006A3384 /* Products */;
			projectDirPath = "";
			projectRoot = "";
			targets = (
				6E6B21462BD5C372006A3384 /* Instagram */,
			);
		};
/* End PBXProject section */

/* Begin PBXResourcesBuildPhase section */
		6E6B21452BD5C372006A3384 /* Resources */ = {
			isa = PBXResourcesBuildPhase;
			buildActionMask = 2147483647;
			files = (
				6E6B21572BD5C373006A3384 /* LaunchScreen.storyboard in Resources */,
				6E6B21542BD5C373006A3384 /* Assets.xcassets in Resources */,
				6E6B21522BD5C372006A3384 /* Main.storyboard in Resources */,
			);
			runOnlyForDeploymentPostprocessing = 0;
		};
/* End PBXResourcesBuildPhase section */

/* Begin PBXSourcesBuildPhase section */
		6E6B21432BD5C372006A3384 /* Sources */ = {
			isa = PBXSourcesBuildPhase;
			buildActionMask = 2147483647;
			files = (
				6E6B21642BD5C799006A3384 /* ExploreViewController.swift in Sources */,
				6E6B217B2BD5CA6B006A3384 /* PostEditorViewController.swift in Sources */,
				6E6B21662BD5C7A9006A3384 /* CameraViewController.swift in Sources */,
				6E6B21682BD5C7E4006A3384 /* NotificationViewController.swift in Sources */,
				6E6B214F2BD5C372006A3384 /* HomeViewController.swift in Sources */,
				6E6B21732BD5C976006A3384 /* PostViewController.swift in Sources */,
				6E6B21752BD5C9A1006A3384 /* ListViewController.swift in Sources */,
				6E6B21772BD5C9F8006A3384 /* SearchViewController.swift in Sources */,
				6E6B216A2BD5C7EE006A3384 /* ProfileViewController.swift in Sources */,
				6E6B214B2BD5C372006A3384 /* AppDelegate.swift in Sources */,
				6E6B217D2BD5CA84006A3384 /* PublishPostViewController.swift in Sources */,
				6E6B214D2BD5C372006A3384 /* SceneDelegate.swift in Sources */,
				6E6B216F2BD5C952006A3384 /* SettingsViewController.swift in Sources */,
				6E6B21792BD5CA0C006A3384 /* SearchResultViewController.swift in Sources */,
				6E6B21712BD5C95D006A3384 /* EditProfileViewController.swift in Sources */,
			);
			runOnlyForDeploymentPostprocessing = 0;
		};
/* End PBXSourcesBuildPhase section */

/* Begin PBXVariantGroup section */
		6E6B21502BD5C372006A3384 /* Main.storyboard */ = {
			isa = PBXVariantGroup;
			children = (
				6E6B21512BD5C372006A3384 /* Base */,
			);
			name = Main.storyboard;
			sourceTree = "<group>";
		};
		6E6B21552BD5C373006A3384 /* LaunchScreen.storyboard */ = {
			isa = PBXVariantGroup;
			children = (
				6E6B21562BD5C373006A3384 /* Base */,
			);
			name = LaunchScreen.storyboard;
			sourceTree = "<group>";
		};
/* End PBXVariantGroup section */

/* Begin XCBuildConfiguration section */
		6E6B21592BD5C373006A3384 /* Debug */ = {
			isa = XCBuildConfiguration;
			buildSettings = {
				ALWAYS_SEARCH_USER_PATHS = NO;
				ASSETCATALOG_COMPILER_GENERATE_SWIFT_ASSET_SYMBOL_EXTENSIONS = YES;
				CLANG_ANALYZER_NONNULL = YES;
				CLANG_ANALYZER_NUMBER_OBJECT_CONVERSION = YES_AGGRESSIVE;
				CLANG_CXX_LANGUAGE_STANDARD = "gnu++20";
				CLANG_ENABLE_MODULES = YES;
				CLANG_ENABLE_OBJC_ARC = YES;
				CLANG_ENABLE_OBJC_WEAK = YES;
				CLANG_WARN_BLOCK_CAPTURE_AUTORELEASING = YES;
				CLANG_WARN_BOOL_CONVERSION = YES;
				CLANG_WARN_COMMA = YES;
				CLANG_WARN_CONSTANT_CONVERSION = YES;
				CLANG_WARN_DEPRECATED_OBJC_IMPLEMENTATIONS = YES;
				CLANG_WARN_DIRECT_OBJC_ISA_USAGE = YES_ERROR;
				CLANG_WARN_DOCUMENTATION_COMMENTS = YES;
				CLANG_WARN_EMPTY_BODY = YES;
				CLANG_WARN_ENUM_CONVERSION = YES;
				CLANG_WARN_INFINITE_RECURSION = YES;
				CLANG_WARN_INT_CONVERSION = YES;
				CLANG_WARN_NON_LITERAL_NULL_CONVERSION = YES;
				CLANG_WARN_OBJC_IMPLICIT_RETAIN_SELF = YES;
				CLANG_WARN_OBJC_LITERAL_CONVERSION = YES;
				CLANG_WARN_OBJC_ROOT_CLASS = YES_ERROR;
				CLANG_WARN_QUOTED_INCLUDE_IN_FRAMEWORK_HEADER = YES;
				CLANG_WARN_RANGE_LOOP_ANALYSIS = YES;
				CLANG_WARN_STRICT_PROTOTYPES = YES;
				CLANG_WARN_SUSPICIOUS_MOVE = YES;
				CLANG_WARN_UNGUARDED_AVAILABILITY = YES_AGGRESSIVE;
				CLANG_WARN_UNREACHABLE_CODE = YES;
				CLANG_WARN__DUPLICATE_METHOD_MATCH = YES;
				COPY_PHASE_STRIP = NO;
				DEBUG_INFORMATION_FORMAT = dwarf;
				ENABLE_STRICT_OBJC_MSGSEND = YES;
				ENABLE_TESTABILITY = YES;
				ENABLE_USER_SCRIPT_SANDBOXING = YES;
				GCC_C_LANGUAGE_STANDARD = gnu17;
				GCC_DYNAMIC_NO_PIC = NO;
				GCC_NO_COMMON_BLOCKS = YES;
				GCC_OPTIMIZATION_LEVEL = 0;
				GCC_PREPROCESSOR_DEFINITIONS = (
					"DEBUG=1",
					"$(inherited)",
				);
				GCC_WARN_64_TO_32_BIT_CONVERSION = YES;
				GCC_WARN_ABOUT_RETURN_TYPE = YES_ERROR;
				GCC_WARN_UNDECLARED_SELECTOR = YES;
				GCC_WARN_UNINITIALIZED_AUTOS = YES_AGGRESSIVE;
				GCC_WARN_UNUSED_FUNCTION = YES;
				GCC_WARN_UNUSED_VARIABLE = YES;
				IPHONEOS_DEPLOYMENT_TARGET = 17.2;
				LOCALIZATION_PREFERS_STRING_CATALOGS = YES;
				MTL_ENABLE_DEBUG_INFO = INCLUDE_SOURCE;
				MTL_FAST_MATH = YES;
				ONLY_ACTIVE_ARCH = YES;
				SDKROOT = iphoneos;
				SWIFT_ACTIVE_COMPILATION_CONDITIONS = "DEBUG $(inherited)";
				SWIFT_OPTIMIZATION_LEVEL = "-Onone";
			};
			name = Debug;
		};
		6E6B215A2BD5C373006A3384 /* Release */ = {
			isa = XCBuildConfiguration;
			buildSettings = {
				ALWAYS_SEARCH_USER_PATHS = NO;
				ASSETCATALOG_COMPILER_GENERATE_SWIFT_ASSET_SYMBOL_EXTENSIONS = YES;
				CLANG_ANALYZER_NONNULL = YES;
				CLANG_ANALYZER_NUMBER_OBJECT_CONVERSION = YES_AGGRESSIVE;
				CLANG_CXX_LANGUAGE_STANDARD = "gnu++20";
				CLANG_ENABLE_MODULES = YES;
				CLANG_ENABLE_OBJC_ARC = YES;
				CLANG_ENABLE_OBJC_WEAK = YES;
				CLANG_WARN_BLOCK_CAPTURE_AUTORELEASING = YES;
				CLANG_WARN_BOOL_CONVERSION = YES;
				CLANG_WARN_COMMA = YES;
				CLANG_WARN_CONSTANT_CONVERSION = YES;
				CLANG_WARN_DEPRECATED_OBJC_IMPLEMENTATIONS = YES;
				CLANG_WARN_DIRECT_OBJC_ISA_USAGE = YES_ERROR;
				CLANG_WARN_DOCUMENTATION_COMMENTS = YES;
				CLANG_WARN_EMPTY_BODY = YES;
				CLANG_WARN_ENUM_CONVERSION = YES;
				CLANG_WARN_INFINITE_RECURSION = YES;
				CLANG_WARN_INT_CONVERSION = YES;
				CLANG_WARN_NON_LITERAL_NULL_CONVERSION = YES;
				CLANG_WARN_OBJC_IMPLICIT_RETAIN_SELF = YES;
				CLANG_WARN_OBJC_LITERAL_CONVERSION = YES;
				CLANG_WARN_OBJC_ROOT_CLASS = YES_ERROR;
				CLANG_WARN_QUOTED_INCLUDE_IN_FRAMEWORK_HEADER = YES;
				CLANG_WARN_RANGE_LOOP_ANALYSIS = YES;
				CLANG_WARN_STRICT_PROTOTYPES = YES;
				CLANG_WARN_SUSPICIOUS_MOVE = YES;
				CLANG_WARN_UNGUARDED_AVAILABILITY = YES_AGGRESSIVE;
				CLANG_WARN_UNREACHABLE_CODE = YES;
				CLANG_WARN__DUPLICATE_METHOD_MATCH = YES;
				COPY_PHASE_STRIP = NO;
				DEBUG_INFORMATION_FORMAT = "dwarf-with-dsym";
				ENABLE_NS_ASSERTIONS = NO;
				ENABLE_STRICT_OBJC_MSGSEND = YES;
				ENABLE_USER_SCRIPT_SANDBOXING = YES;
				GCC_C_LANGUAGE_STANDARD = gnu17;
				GCC_NO_COMMON_BLOCKS = YES;
				GCC_WARN_64_TO_32_BIT_CONVERSION = YES;
				GCC_WARN_ABOUT_RETURN_TYPE = YES_ERROR;
				GCC_WARN_UNDECLARED_SELECTOR = YES;
				GCC_WARN_UNINITIALIZED_AUTOS = YES_AGGRESSIVE;
				GCC_WARN_UNUSED_FUNCTION = YES;
				GCC_WARN_UNUSED_VARIABLE = YES;
				IPHONEOS_DEPLOYMENT_TARGET = 17.2;
				LOCALIZATION_PREFERS_STRING_CATALOGS = YES;
				MTL_ENABLE_DEBUG_INFO = NO;
				MTL_FAST_MATH = YES;
				SDKROOT = iphoneos;
				SWIFT_COMPILATION_MODE = wholemodule;
				VALIDATE_PRODUCT = YES;
			};
			name = Release;
		};
		6E6B215C2BD5C373006A3384 /* Debug */ = {
			isa = XCBuildConfiguration;
			buildSettings = {
				ASSETCATALOG_COMPILER_APPICON_NAME = AppIcon;
				ASSETCATALOG_COMPILER_GLOBAL_ACCENT_COLOR_NAME = AccentColor;
				CODE_SIGN_STYLE = Automatic;
				CURRENT_PROJECT_VERSION = 1;
				GENERATE_INFOPLIST_FILE = YES;
				INFOPLIST_FILE = Instagram/Info.plist;
				INFOPLIST_KEY_UIApplicationSupportsIndirectInputEvents = YES;
				INFOPLIST_KEY_UILaunchStoryboardName = LaunchScreen;
				INFOPLIST_KEY_UIMainStoryboardFile = Main;
				INFOPLIST_KEY_UISupportedInterfaceOrientations_iPad = "UIInterfaceOrientationPortrait UIInterfaceOrientationPortraitUpsideDown UIInterfaceOrientationLandscapeLeft UIInterfaceOrientationLandscapeRight";
				INFOPLIST_KEY_UISupportedInterfaceOrientations_iPhone = "UIInterfaceOrientationPortrait UIInterfaceOrientationLandscapeLeft UIInterfaceOrientationLandscapeRight";
				LD_RUNPATH_SEARCH_PATHS = (
					"$(inherited)",
					"@executable_path/Frameworks",
				);
				MARKETING_VERSION = 1.0;
				PRODUCT_BUNDLE_IDENTIFIER = com.jakebailey.myapp.Instagram;
				PRODUCT_NAME = "$(TARGET_NAME)";
				SWIFT_EMIT_LOC_STRINGS = YES;
				SWIFT_VERSION = 5.0;
				TARGETED_DEVICE_FAMILY = "1,2";
			};
			name = Debug;
		};
		6E6B215D2BD5C373006A3384 /* Release */ = {
			isa = XCBuildConfiguration;
			buildSettings = {
				ASSETCATALOG_COMPILER_APPICON_NAME = AppIcon;
				ASSETCATALOG_COMPILER_GLOBAL_ACCENT_COLOR_NAME = AccentColor;
				CODE_SIGN_STYLE = Automatic;
				CURRENT_PROJECT_VERSION = 1;
				GENERATE_INFOPLIST_FILE = YES;
				INFOPLIST_FILE = Instagram/Info.plist;
				INFOPLIST_KEY_UIApplicationSupportsIndirectInputEvents = YES;
				INFOPLIST_KEY_UILaunchStoryboardName = LaunchScreen;
				INFOPLIST_KEY_UIMainStoryboardFile = Main;
				INFOPLIST_KEY_UISupportedInterfaceOrientations_iPad = "UIInterfaceOrientationPortrait UIInterfaceOrientationPortraitUpsideDown UIInterfaceOrientationLandscapeLeft UIInterfaceOrientationLandscapeRight";
				INFOPLIST_KEY_UISupportedInterfaceOrientations_iPhone = "UIInterfaceOrientationPortrait UIInterfaceOrientationLandscapeLeft UIInterfaceOrientationLandscapeRight";
				LD_RUNPATH_SEARCH_PATHS = (
					"$(inherited)",
					"@executable_path/Frameworks",
				);
				MARKETING_VERSION = 1.0;
				PRODUCT_BUNDLE_IDENTIFIER = com.jakebailey.myapp.Instagram;
				PRODUCT_NAME = "$(TARGET_NAME)";
				SWIFT_EMIT_LOC_STRINGS = YES;
				SWIFT_VERSION = 5.0;
				TARGETED_DEVICE_FAMILY = "1,2";
			};
			name = Release;
		};
/* End XCBuildConfiguration section */

/* Begin XCConfigurationList section */
		6E6B21422BD5C372006A3384 /* Build configuration list for PBXProject "Instagram" */ = {
			isa = XCConfigurationList;
			buildConfigurations = (
				6E6B21592BD5C373006A3384 /* Debug */,
				6E6B215A2BD5C373006A3384 /* Release */,
			);
			defaultConfigurationIsVisible = 0;
			defaultConfigurationName = Release;
		};
		6E6B215B2BD5C373006A3384 /* Build configuration list for PBXNativeTarget "Instagram" */ = {
			isa = XCConfigurationList;
			buildConfigurations = (
				6E6B215C2BD5C373006A3384 /* Debug */,
				6E6B215D2BD5C373006A3384 /* Release */,
			);
			defaultConfigurationIsVisible = 0;
			defaultConfigurationName = Release;
		};
/* End XCConfigurationList section */
	};
	rootObject = 6E6B213F2BD5C372006A3384 /* Project object */;
}
